
Microsoft Visual Studio Solution File, Format Version 12.00
Project("{FAE04EC0-301F-11D3-BF4B-00C04F79EFBC}") = "DataLibrary", "DataLibrary\DataLibrary.csproj", "{FB8423D5-1AA3-4F8F-9949-BBBD1F3BD268}"
EndProject
Project("{FAE04EC0-301F-11D3-BF4B-00C04F79EFBC}") = "Api", "Api\Api.csproj", "{56FEF52D-DD86-41F8-86EB-637208365988}"
EndProject
Project("{FAE04EC0-301F-11D3-BF4B-00C04F79EFBC}") = "WebPortal", "WebPortal\WebPortal.csproj", "{4A1942E2-84C0-480B-AE4A-95C6C659A2E7}"
EndProject
Global
	GlobalSection(SolutionConfigurationPlatforms) = preSolution
		Debug|Any CPU = Debug|Any CPU
		Release|Any CPU = Release|Any CPU
	EndGlobalSection
	GlobalSection(ProjectConfigurationPlatforms) = postSolution
		{FB8423D5-1AA3-4F8F-9949-BBBD1F3BD268}.Debug|Any CPU.ActiveCfg = Debug|Any CPU
		{FB8423D5-1AA3-4F8F-9949-BBBD1F3BD268}.Debug|Any CPU.Build.0 = Debug|Any CPU
		{FB8423D5-1AA3-4F8F-9949-BBBD1F3BD268}.Release|Any CPU.ActiveCfg = Release|Any CPU
		{FB8423D5-1AA3-4F8F-9949-BBBD1F3BD268}.Release|Any CPU.Build.0 = Release|Any CPU
		{56FEF52D-DD86-41F8-86EB-637208365988}.Debug|Any CPU.ActiveCfg = Debug|Any CPU
		{56FEF52D-DD86-41F8-86EB-637208365988}.Debug|Any CPU.Build.0 = Debug|Any CPU
		{56FEF52D-DD86-41F8-86EB-637208365988}.Release|Any CPU.ActiveCfg = Release|Any CPU
		{56FEF52D-DD86-41F8-86EB-637208365988}.Release|Any CPU.Build.0 = Release|Any CPU
		{4A1942E2-84C0-480B-AE4A-95C6C659A2E7}.Debug|Any CPU.ActiveCfg = Debug|Any CPU
		{4A1942E2-84C0-480B-AE4A-95C6C659A2E7}.Debug|Any CPU.Build.0 = Debug|Any CPU
		{4A1942E2-84C0-480B-AE4A-95C6C659A2E7}.Release|Any CPU.ActiveCfg = Release|Any CPU
		{4A1942E2-84C0-480B-AE4A-95C6C659A2E7}.Release|Any CPU.Build.0 = Release|Any CPU
	EndGlobalSection
EndGlobal
